
Microsoft Visual Studio Solution File, Format Version 12.00
# Visual Studio Version 16
VisualStudioVersion = 16.0.30011.22
MinimumVisualStudioVersion = 10.0.40219.1
Project("{FAE04EC0-301F-11D3-BF4B-00C04F79EFBC}") = "MyStack", "MyStack\MyStack.csproj", "{C2E3EBEE-1E51-4D49-93F9-B0516ED22C5E}"
EndProject
Project("{FAE04EC0-301F-11D3-BF4B-00C04F79EFBC}") = "TestMyStack", "TestStack\TestMyStack.csproj", "{E948EF29-0393-4166-8DC5-26810A817403}"
EndProject
Global
	GlobalSection(SolutionConfigurationPlatforms) = preSolution
		Debug|Any CPU = Debug|Any CPU
		Release|Any CPU = Release|Any CPU
	EndGlobalSection
	GlobalSection(ProjectConfigurationPlatforms) = postSolution
		{C2E3EBEE-1E51-4D49-93F9-B0516ED22C5E}.Debug|Any CPU.ActiveCfg = Debug|Any CPU
		{C2E3EBEE-1E51-4D49-93F9-B0516ED22C5E}.Debug|Any CPU.Build.0 = Debug|Any CPU
		{C2E3EBEE-1E51-4D49-93F9-B0516ED22C5E}.Release|Any CPU.ActiveCfg = Release|Any CPU
		{C2E3EBEE-1E51-4D49-93F9-B0516ED22C5E}.Release|Any CPU.Build.0 = Release|Any CPU
		{E948EF29-0393-4166-8DC5-26810A817403}.Debug|Any CPU.ActiveCfg = Debug|Any CPU
		{E948EF29-0393-4166-8DC5-26810A817403}.Debug|Any CPU.Build.0 = Debug|Any CPU
		{E948EF29-0393-4166-8DC5-26810A817403}.Release|Any CPU.ActiveCfg = Release|Any CPU
		{E948EF29-0393-4166-8DC5-26810A817403}.Release|Any CPU.Build.0 = Release|Any CPU
	EndGlobalSection
	GlobalSection(SolutionProperties) = preSolution
		HideSolutionNode = FALSE
	EndGlobalSection
	GlobalSection(ExtensibilityGlobals) = postSolution
		SolutionGuid = {E3605216-ECDE-4E50-A576-A57CC62221FB}
	EndGlobalSection
EndGlobal
